// !$*UTF8*$!
{
	archiveVersion = 1;
	classes = {
	};
	objectVersion = 46;
	objects = {

/* Begin PBXBuildFile section */
		F51601401F29CFE900555876 /* AppDelegate.swift in Sources */ = {isa = PBXBuildFile; fileRef = F516013F1F29CFE900555876 /* AppDelegate.swift */; };
		F51601421F29CFE900555876 /* ViewController.swift in Sources */ = {isa = PBXBuildFile; fileRef = F51601411F29CFE900555876 /* ViewController.swift */; };
		F51601441F29CFE900555876 /* Assets.xcassets in Resources */ = {isa = PBXBuildFile; fileRef = F51601431F29CFE900555876 /* Assets.xcassets */; };
		F51601471F29CFE900555876 /* Main.storyboard in Resources */ = {isa = PBXBuildFile; fileRef = F51601451F29CFE900555876 /* Main.storyboard */; };
		F5E3BC641F29E4D1007E5AD6 /* SwifterMac.framework in Frameworks */ = {isa = PBXBuildFile; fileRef = F5E3BC631F29E4D1007E5AD6 /* SwifterMac.framework */; };
/* End PBXBuildFile section */

/* Begin PBXFileReference section */
		F516013C1F29CFE900555876 /* SharedLinks.app */ = {isa = PBXFileReference; explicitFileType = wrapper.application; includeInIndex = 0; path = SharedLinks.app; sourceTree = BUILT_PRODUCTS_DIR; };
		F516013F1F29CFE900555876 /* AppDelegate.swift */ = {isa = PBXFileReference; lastKnownFileType = sourcecode.swift; path = AppDelegate.swift; sourceTree = "<group>"; };
		F51601411F29CFE900555876 /* ViewController.swift */ = {isa = PBXFileReference; lastKnownFileType = sourcecode.swift; path = ViewController.swift; sourceTree = "<group>"; };
		F51601431F29CFE900555876 /* Assets.xcassets */ = {isa = PBXFileReference; lastKnownFileType = folder.assetcatalog; path = Assets.xcassets; sourceTree = "<group>"; };
		F51601461F29CFE900555876 /* Base */ = {isa = PBXFileReference; lastKnownFileType = file.storyboard; name = Base; path = Base.lproj/Main.storyboard; sourceTree = "<group>"; };
		F51601481F29CFE900555876 /* Info.plist */ = {isa = PBXFileReference; lastKnownFileType = text.plist.xml; path = Info.plist; sourceTree = "<group>"; };
		F5E3BC631F29E4D1007E5AD6 /* SwifterMac.framework */ = {isa = PBXFileReference; lastKnownFileType = wrapper.framework; name = SwifterMac.framework; path = Carthage/Build/Mac/SwifterMac.framework; sourceTree = "<group>"; };
/* End PBXFileReference section */

/* Begin PBXFrameworksBuildPhase section */
		F51601391F29CFE900555876 /* Frameworks */ = {
			isa = PBXFrameworksBuildPhase;
			buildActionMask = 2147483647;
			files = (
				F5E3BC641F29E4D1007E5AD6 /* SwifterMac.framework in Frameworks */,
			);
			runOnlyForDeploymentPostprocessing = 0;
		};
/* End PBXFrameworksBuildPhase section */

/* Begin PBXGroup section */
		F51601331F29CFE900555876 = {
			isa = PBXGroup;
			children = (
				F516013E1F29CFE900555876 /* SharedLinks */,
				F516013D1F29CFE900555876 /* Products */,
				F5E3BC621F29E4D1007E5AD6 /* Frameworks */,
			);
			sourceTree = "<group>";
		};
		F516013D1F29CFE900555876 /* Products */ = {
			isa = PBXGroup;
			children = (
				F516013C1F29CFE900555876 /* SharedLinks.app */,
			);
			name = Products;
			sourceTree = "<group>";
		};
		F516013E1F29CFE900555876 /* SharedLinks */ = {
			isa = PBXGroup;
			children = (
				F516013F1F29CFE900555876 /* AppDelegate.swift */,
				F51601411F29CFE900555876 /* ViewController.swift */,
				F51601431F29CFE900555876 /* Assets.xcassets */,
				F51601451F29CFE900555876 /* Main.storyboard */,
				F51601481F29CFE900555876 /* Info.plist */,
			);
			path = SharedLinks;
			sourceTree = "<group>";
		};
		F5E3BC621F29E4D1007E5AD6 /* Frameworks */ = {
			isa = PBXGroup;
			children = (
				F5E3BC631F29E4D1007E5AD6 /* SwifterMac.framework */,
			);
			name = Frameworks;
			sourceTree = "<group>";
		};
/* End PBXGroup section */

/* Begin PBXNativeTarget section */
		F516013B1F29CFE900555876 /* SharedLinks */ = {
			isa = PBXNativeTarget;
			buildConfigurationList = F516014B1F29CFE900555876 /* Build configuration list for PBXNativeTarget "SharedLinks" */;
			buildPhases = (
				F51601381F29CFE900555876 /* Sources */,
				F51601391F29CFE900555876 /* Frameworks */,
				F516013A1F29CFE900555876 /* Resources */,
			);
			buildRules = (
			);
			dependencies = (
			);
			name = SharedLinks;
			productName = SharedLinks;
			productReference = F516013C1F29CFE900555876 /* SharedLinks.app */;
			productType = "com.apple.product-type.application";
		};
/* End PBXNativeTarget section */

/* Begin PBXProject section */
		F51601341F29CFE900555876 /* Project object */ = {
			isa = PBXProject;
			attributes = {
				LastSwiftUpdateCheck = 0830;
				LastUpgradeCheck = 0830;
				ORGANIZATIONNAME = "Ian Kazlauskas";
				TargetAttributes = {
					F516013B1F29CFE900555876 = {
						CreatedOnToolsVersion = 8.3.3;
						ProvisioningStyle = Automatic;
					};
				};
			};
			buildConfigurationList = F51601371F29CFE900555876 /* Build configuration list for PBXProject "SharedLinks" */;
			compatibilityVersion = "Xcode 3.2";
			developmentRegion = English;
			hasScannedForEncodings = 0;
			knownRegions = (
				en,
				Base,
			);
			mainGroup = F51601331F29CFE900555876;
			productRefGroup = F516013D1F29CFE900555876 /* Products */;
			projectDirPath = "";
			projectRoot = "";
			targets = (
				F516013B1F29CFE900555876 /* SharedLinks */,
			);
		};
/* End PBXProject section */

/* Begin PBXResourcesBuildPhase section */
		F516013A1F29CFE900555876 /* Resources */ = {
			isa = PBXResourcesBuildPhase;
			buildActionMask = 2147483647;
			files = (
				F51601441F29CFE900555876 /* Assets.xcassets in Resources */,
				F51601471F29CFE900555876 /* Main.storyboard in Resources */,
			);
			runOnlyForDeploymentPostprocessing = 0;
		};
/* End PBXResourcesBuildPhase section */

/* Begin PBXSourcesBuildPhase section */
		F51601381F29CFE900555876 /* Sources */ = {
			isa = PBXSourcesBuildPhase;
			buildActionMask = 2147483647;
			files = (
				F51601421F29CFE900555876 /* ViewController.swift in Sources */,
				F51601401F29CFE900555876 /* AppDelegate.swift in Sources */,
			);
			runOnlyForDeploymentPostprocessing = 0;
		};
/* End PBXSourcesBuildPhase section */

/* Begin PBXVariantGroup section */
		F51601451F29CFE900555876 /* Main.storyboard */ = {
			isa = PBXVariantGroup;
			children = (
				F51601461F29CFE900555876 /* Base */,
			);
			name = Main.storyboard;
			sourceTree = "<group>";
		};
/* End PBXVariantGroup section */

/* Begin XCBuildConfiguration section */
		F51601491F29CFE900555876 /* Debug */ = {
			isa = XCBuildConfiguration;
			buildSettings = {
				ALWAYS_SEARCH_USER_PATHS = NO;
				CLANG_ANALYZER_NONNULL = YES;
				CLANG_ANALYZER_NUMBER_OBJECT_CONVERSION = YES_AGGRESSIVE;
				CLANG_CXX_LANGUAGE_STANDARD = "gnu++0x";
				CLANG_CXX_LIBRARY = "libc++";
				CLANG_ENABLE_MODULES = YES;
				CLANG_ENABLE_OBJC_ARC = YES;
				CLANG_WARN_BOOL_CONVERSION = YES;
				CLANG_WARN_CONSTANT_CONVERSION = YES;
				CLANG_WARN_DIRECT_OBJC_ISA_USAGE = YES_ERROR;
				CLANG_WARN_DOCUMENTATION_COMMENTS = YES;
				CLANG_WARN_EMPTY_BODY = YES;
				CLANG_WARN_ENUM_CONVERSION = YES;
				CLANG_WARN_INFINITE_RECURSION = YES;
				CLANG_WARN_INT_CONVERSION = YES;
				CLANG_WARN_OBJC_ROOT_CLASS = YES_ERROR;
				CLANG_WARN_SUSPICIOUS_MOVE = YES;
				CLANG_WARN_UNREACHABLE_CODE = YES;
				CLANG_WARN__DUPLICATE_METHOD_MATCH = YES;
				CODE_SIGN_IDENTITY = "-";
				COPY_PHASE_STRIP = NO;
				DEBUG_INFORMATION_FORMAT = dwarf;
				ENABLE_STRICT_OBJC_MSGSEND = YES;
				ENABLE_TESTABILITY = YES;
				GCC_C_LANGUAGE_STANDARD = gnu99;
				GCC_DYNAMIC_NO_PIC = NO;
				GCC_NO_COMMON_BLOCKS = YES;
				GCC_OPTIMIZATION_LEVEL = 0;
				GCC_PREPROCESSOR_DEFINITIONS = (
					"DEBUG=1",
					"$(inherited)",
				);
				GCC_WARN_64_TO_32_BIT_CONVERSION = YES;
				GCC_WARN_ABOUT_RETURN_TYPE = YES_ERROR;
				GCC_WARN_UNDECLARED_SELECTOR = YES;
				GCC_WARN_UNINITIALIZED_AUTOS = YES_AGGRESSIVE;
				GCC_WARN_UNUSED_FUNCTION = YES;
				GCC_WARN_UNUSED_VARIABLE = YES;
				MACOSX_DEPLOYMENT_TARGET = 10.12;
				MTL_ENABLE_DEBUG_INFO = YES;
				ONLY_ACTIVE_ARCH = YES;
				SDKROOT = macosx;
				SWIFT_ACTIVE_COMPILATION_CONDITIONS = DEBUG;
				SWIFT_OPTIMIZATION_LEVEL = "-Onone";
			};
			name = Debug;
		};
		F516014A1F29CFE900555876 /* Release */ = {
			isa = XCBuildConfiguration;
			buildSettings = {
				ALWAYS_SEARCH_USER_PATHS = NO;
				CLANG_ANALYZER_NONNULL = YES;
				CLANG_ANALYZER_NUMBER_OBJECT_CONVERSION = YES_AGGRESSIVE;
				CLANG_CXX_LANGUAGE_STANDARD = "gnu++0x";
				CLANG_CXX_LIBRARY = "libc++";
				CLANG_ENABLE_MODULES = YES;
				CLANG_ENABLE_OBJC_ARC = YES;
				CLANG_WARN_BOOL_CONVERSION = YES;
				CLANG_WARN_CONSTANT_CONVERSION = YES;
				CLANG_WARN_DIRECT_OBJC_ISA_USAGE = YES_ERROR;
				CLANG_WARN_DOCUMENTATION_COMMENTS = YES;
				CLANG_WARN_EMPTY_BODY = YES;
				CLANG_WARN_ENUM_CONVERSION = YES;
				CLANG_WARN_INFINITE_RECURSION = YES;
				CLANG_WARN_INT_CONVERSION = YES;
				CLANG_WARN_OBJC_ROOT_CLASS = YES_ERROR;
				CLANG_WARN_SUSPICIOUS_MOVE = YES;
				CLANG_WARN_UNREACHABLE_CODE = YES;
				CLANG_WARN__DUPLICATE_METHOD_MATCH = YES;
				CODE_SIGN_IDENTITY = "-";
				COPY_PHASE_STRIP = NO;
				DEBUG_INFORMATION_FORMAT = "dwarf-with-dsym";
				ENABLE_NS_ASSERTIONS = NO;
				ENABLE_STRICT_OBJC_MSGSEND = YES;
				GCC_C_LANGUAGE_STANDARD = gnu99;
				GCC_NO_COMMON_BLOCKS = YES;
				GCC_WARN_64_TO_32_BIT_CONVERSION = YES;
				GCC_WARN_ABOUT_RETURN_TYPE = YES_ERROR;
				GCC_WARN_UNDECLARED_SELECTOR = YES;
				GCC_WARN_UNINITIALIZED_AUTOS = YES_AGGRESSIVE;
				GCC_WARN_UNUSED_FUNCTION = YES;
				GCC_WARN_UNUSED_VARIABLE = YES;
				MACOSX_DEPLOYMENT_TARGET = 10.12;
				MTL_ENABLE_DEBUG_INFO = NO;
				SDKROOT = macosx;
				SWIFT_OPTIMIZATION_LEVEL = "-Owholemodule";
			};
			name = Release;
		};
		F516014C1F29CFE900555876 /* Debug */ = {
			isa = XCBuildConfiguration;
			buildSettings = {
				ASSETCATALOG_COMPILER_APPICON_NAME = AppIcon;
				COMBINE_HIDPI_IMAGES = YES;
				FRAMEWORK_SEARCH_PATHS = (
					"$(inherited)",
					"$(PROJECT_DIR)/Carthage/Build/Mac",
				);
				INFOPLIST_FILE = SharedLinks/Info.plist;
				LD_RUNPATH_SEARCH_PATHS = "$(inherited) @executable_path/../Frameworks";
				PRODUCT_BUNDLE_IDENTIFIER = com.nayzak.SharedLinks;
				PRODUCT_NAME = "$(TARGET_NAME)";
				SWIFT_VERSION = 3.0;
			};
			name = Debug;
		};
		F516014D1F29CFE900555876 /* Release */ = {
			isa = XCBuildConfiguration;
			buildSettings = {
				ASSETCATALOG_COMPILER_APPICON_NAME = AppIcon;
				COMBINE_HIDPI_IMAGES = YES;
				FRAMEWORK_SEARCH_PATHS = (
					"$(inherited)",
					"$(PROJECT_DIR)/Carthage/Build/Mac",
				);
				INFOPLIST_FILE = SharedLinks/Info.plist;
				LD_RUNPATH_SEARCH_PATHS = "$(inherited) @executable_path/../Frameworks";
				PRODUCT_BUNDLE_IDENTIFIER = com.nayzak.SharedLinks;
				PRODUCT_NAME = "$(TARGET_NAME)";
				SWIFT_VERSION = 3.0;
			};
			name = Release;
		};
/* End XCBuildConfiguration section */

/* Begin XCConfigurationList section */
		F51601371F29CFE900555876 /* Build configuration list for PBXProject "SharedLinks" */ = {
			isa = XCConfigurationList;
			buildConfigurations = (
				F51601491F29CFE900555876 /* Debug */,
				F516014A1F29CFE900555876 /* Release */,
			);
			defaultConfigurationIsVisible = 0;
			defaultConfigurationName = Release;
		};
		F516014B1F29CFE900555876 /* Build configuration list for PBXNativeTarget "SharedLinks" */ = {
			isa = XCConfigurationList;
			buildConfigurations = (
				F516014C1F29CFE900555876 /* Debug */,
				F516014D1F29CFE900555876 /* Release */,
			);
			defaultConfigurationIsVisible = 0;
			defaultConfigurationName = Release;
		};
/* End XCConfigurationList section */
	};
	rootObject = F51601341F29CFE900555876 /* Project object */;
}
