// !$*UTF8*$!
{
	archiveVersion = 1;
	classes = {
	};
	objectVersion = 46;
	objects = {

/* Begin PBXBuildFile section */
		F51307311F2C770800FB082A /* LinksTableView.swift in Sources */ = {isa = PBXBuildFile; fileRef = F51307301F2C770800FB082A /* LinksTableView.swift */; };
		F51307351F2C994300FB082A /* main.swift in Sources */ = {isa = PBXBuildFile; fileRef = F51307341F2C994300FB082A /* main.swift */; };
		F52955D91F29FD6E00CFAF30 /* Swifter+ReactiveKit.swift in Sources */ = {isa = PBXBuildFile; fileRef = F52955D81F29FD6E00CFAF30 /* Swifter+ReactiveKit.swift */; };
		F569771E1F2B2C3B00DCFD7B /* LinkTableCellView.swift in Sources */ = {isa = PBXBuildFile; fileRef = F569771D1F2B2C3B00DCFD7B /* LinkTableCellView.swift */; };
		F56977221F2B2FC700DCFD7B /* LinkTableCellView.xib in Resources */ = {isa = PBXBuildFile; fileRef = F56977211F2B2FC700DCFD7B /* LinkTableCellView.xib */; };
		F56977251F2B377B00DCFD7B /* NSAttributedString.swift in Sources */ = {isa = PBXBuildFile; fileRef = F56977241F2B377B00DCFD7B /* NSAttributedString.swift */; };
		F56977271F2B485900DCFD7B /* SDWebImage.framework in Frameworks */ = {isa = PBXBuildFile; fileRef = F56977261F2B485900DCFD7B /* SDWebImage.framework */; };
		F56977281F2B485900DCFD7B /* SDWebImage.framework in Embed Frameworks */ = {isa = PBXBuildFile; fileRef = F56977261F2B485900DCFD7B /* SDWebImage.framework */; settings = {ATTRIBUTES = (CodeSignOnCopy, RemoveHeadersOnCopy, ); }; };
		F569772A1F2B486E00DCFD7B /* SDWebImage.framework.dSYM in CopyFiles */ = {isa = PBXBuildFile; fileRef = F56977291F2B486E00DCFD7B /* SDWebImage.framework.dSYM */; };
		F569772C1F2B569E00DCFD7B /* NSTableView.swift in Sources */ = {isa = PBXBuildFile; fileRef = F569772B1F2B569E00DCFD7B /* NSTableView.swift */; };
		F569772E1F2B681B00DCFD7B /* Author.swift in Sources */ = {isa = PBXBuildFile; fileRef = F569772D1F2B681B00DCFD7B /* Author.swift */; };
		F56977301F2B69B800DCFD7B /* Author+Twitter.swift in Sources */ = {isa = PBXBuildFile; fileRef = F569772F1F2B69B800DCFD7B /* Author+Twitter.swift */; };
		F56977331F2B712E00DCFD7B /* Appliable.swift in Sources */ = {isa = PBXBuildFile; fileRef = F56977321F2B712E00DCFD7B /* Appliable.swift */; };
		F5E3BC691F29E6A5007E5AD6 /* SwifterMac.framework in Frameworks */ = {isa = PBXBuildFile; fileRef = F5E3BC631F29E4D1007E5AD6 /* SwifterMac.framework */; };
		F5E3BC6A1F29E6A5007E5AD6 /* SwifterMac.framework in Embed Frameworks */ = {isa = PBXBuildFile; fileRef = F5E3BC631F29E4D1007E5AD6 /* SwifterMac.framework */; settings = {ATTRIBUTES = (CodeSignOnCopy, RemoveHeadersOnCopy, ); }; };
		F5E3BC711F29E747007E5AD6 /* SwifterMac.framework.dSYM in CopyFiles */ = {isa = PBXBuildFile; fileRef = F5E3BC701F29E747007E5AD6 /* SwifterMac.framework.dSYM */; };
		F5E3BC751F29ED3C007E5AD6 /* Bond.framework in Frameworks */ = {isa = PBXBuildFile; fileRef = F5E3BC721F29ED3C007E5AD6 /* Bond.framework */; };
		F5E3BC761F29ED3C007E5AD6 /* Bond.framework in Embed Frameworks */ = {isa = PBXBuildFile; fileRef = F5E3BC721F29ED3C007E5AD6 /* Bond.framework */; settings = {ATTRIBUTES = (CodeSignOnCopy, RemoveHeadersOnCopy, ); }; };
		F5E3BC771F29ED3C007E5AD6 /* Diff.framework in Frameworks */ = {isa = PBXBuildFile; fileRef = F5E3BC731F29ED3C007E5AD6 /* Diff.framework */; };
		F5E3BC781F29ED3C007E5AD6 /* Diff.framework in Embed Frameworks */ = {isa = PBXBuildFile; fileRef = F5E3BC731F29ED3C007E5AD6 /* Diff.framework */; settings = {ATTRIBUTES = (CodeSignOnCopy, RemoveHeadersOnCopy, ); }; };
		F5E3BC791F29ED3C007E5AD6 /* ReactiveKit.framework in Frameworks */ = {isa = PBXBuildFile; fileRef = F5E3BC741F29ED3C007E5AD6 /* ReactiveKit.framework */; };
		F5E3BC7A1F29ED3C007E5AD6 /* ReactiveKit.framework in Embed Frameworks */ = {isa = PBXBuildFile; fileRef = F5E3BC741F29ED3C007E5AD6 /* ReactiveKit.framework */; settings = {ATTRIBUTES = (CodeSignOnCopy, RemoveHeadersOnCopy, ); }; };
		F5E3BC7E1F29ED53007E5AD6 /* Bond.framework.dSYM in CopyFiles */ = {isa = PBXBuildFile; fileRef = F5E3BC7B1F29ED53007E5AD6 /* Bond.framework.dSYM */; };
		F5E3BC7F1F29ED53007E5AD6 /* Diff.framework.dSYM in CopyFiles */ = {isa = PBXBuildFile; fileRef = F5E3BC7C1F29ED53007E5AD6 /* Diff.framework.dSYM */; };
		F5E3BC801F29ED53007E5AD6 /* ReactiveKit.framework.dSYM in CopyFiles */ = {isa = PBXBuildFile; fileRef = F5E3BC7D1F29ED53007E5AD6 /* ReactiveKit.framework.dSYM */; };
		F5E3BC851F29EE1B007E5AD6 /* Link.swift in Sources */ = {isa = PBXBuildFile; fileRef = F5E3BC841F29EE1B007E5AD6 /* Link.swift */; };
		F5E3BC871F29EEDD007E5AD6 /* LinksService.swift in Sources */ = {isa = PBXBuildFile; fileRef = F5E3BC861F29EEDD007E5AD6 /* LinksService.swift */; };
		F5E3BC931F29F362007E5AD6 /* Assets.xcassets in Resources */ = {isa = PBXBuildFile; fileRef = F5E3BC8C1F29F362007E5AD6 /* Assets.xcassets */; };
		F5E3BC941F29F362007E5AD6 /* AppDelegate.swift in Sources */ = {isa = PBXBuildFile; fileRef = F5E3BC8E1F29F362007E5AD6 /* AppDelegate.swift */; };
		F5E3BC971F29F362007E5AD6 /* LinksListViewController.swift in Sources */ = {isa = PBXBuildFile; fileRef = F5E3BC921F29F362007E5AD6 /* LinksListViewController.swift */; };
		F5E3BC9D1F29F54D007E5AD6 /* TwitterDataSource.swift in Sources */ = {isa = PBXBuildFile; fileRef = F5E3BC9C1F29F54D007E5AD6 /* TwitterDataSource.swift */; };
		F5E3BC9F1F29F562007E5AD6 /* Link+Twitter.swift in Sources */ = {isa = PBXBuildFile; fileRef = F5E3BC9E1F29F562007E5AD6 /* Link+Twitter.swift */; };
/* End PBXBuildFile section */

/* Begin PBXCopyFilesBuildPhase section */
		F5E3BC681F29E686007E5AD6 /* Embed Frameworks */ = {
			isa = PBXCopyFilesBuildPhase;
			buildActionMask = 2147483647;
			dstPath = "";
			dstSubfolderSpec = 10;
			files = (
				F56977281F2B485900DCFD7B /* SDWebImage.framework in Embed Frameworks */,
				F5E3BC7A1F29ED3C007E5AD6 /* ReactiveKit.framework in Embed Frameworks */,
				F5E3BC6A1F29E6A5007E5AD6 /* SwifterMac.framework in Embed Frameworks */,
				F5E3BC781F29ED3C007E5AD6 /* Diff.framework in Embed Frameworks */,
				F5E3BC761F29ED3C007E5AD6 /* Bond.framework in Embed Frameworks */,
			);
			name = "Embed Frameworks";
			runOnlyForDeploymentPostprocessing = 0;
		};
		F5E3BC6B1F29E6CA007E5AD6 /* CopyFiles */ = {
			isa = PBXCopyFilesBuildPhase;
			buildActionMask = 2147483647;
			dstPath = "";
			dstSubfolderSpec = 16;
			files = (
				F5E3BC711F29E747007E5AD6 /* SwifterMac.framework.dSYM in CopyFiles */,
				F5E3BC7E1F29ED53007E5AD6 /* Bond.framework.dSYM in CopyFiles */,
				F5E3BC7F1F29ED53007E5AD6 /* Diff.framework.dSYM in CopyFiles */,
				F5E3BC801F29ED53007E5AD6 /* ReactiveKit.framework.dSYM in CopyFiles */,
				F569772A1F2B486E00DCFD7B /* SDWebImage.framework.dSYM in CopyFiles */,
			);
			runOnlyForDeploymentPostprocessing = 0;
		};
/* End PBXCopyFilesBuildPhase section */

/* Begin PBXFileReference section */
		F51307301F2C770800FB082A /* LinksTableView.swift */ = {isa = PBXFileReference; fileEncoding = 4; lastKnownFileType = sourcecode.swift; path = LinksTableView.swift; sourceTree = "<group>"; };
		F51307341F2C994300FB082A /* main.swift */ = {isa = PBXFileReference; fileEncoding = 4; lastKnownFileType = sourcecode.swift; path = main.swift; sourceTree = "<group>"; };
		F516013C1F29CFE900555876 /* SharedLinks.app */ = {isa = PBXFileReference; explicitFileType = wrapper.application; includeInIndex = 0; path = SharedLinks.app; sourceTree = BUILT_PRODUCTS_DIR; };
		F52955D81F29FD6E00CFAF30 /* Swifter+ReactiveKit.swift */ = {isa = PBXFileReference; fileEncoding = 4; lastKnownFileType = sourcecode.swift; path = "Swifter+ReactiveKit.swift"; sourceTree = "<group>"; };
		F569771D1F2B2C3B00DCFD7B /* LinkTableCellView.swift */ = {isa = PBXFileReference; fileEncoding = 4; lastKnownFileType = sourcecode.swift; path = LinkTableCellView.swift; sourceTree = "<group>"; };
		F56977211F2B2FC700DCFD7B /* LinkTableCellView.xib */ = {isa = PBXFileReference; fileEncoding = 4; lastKnownFileType = file.xib; path = LinkTableCellView.xib; sourceTree = "<group>"; };
		F56977241F2B377B00DCFD7B /* NSAttributedString.swift */ = {isa = PBXFileReference; fileEncoding = 4; lastKnownFileType = sourcecode.swift; path = NSAttributedString.swift; sourceTree = "<group>"; };
		F56977261F2B485900DCFD7B /* SDWebImage.framework */ = {isa = PBXFileReference; lastKnownFileType = wrapper.framework; name = SDWebImage.framework; path = Carthage/Build/Mac/SDWebImage.framework; sourceTree = "<group>"; };
		F56977291F2B486E00DCFD7B /* SDWebImage.framework.dSYM */ = {isa = PBXFileReference; lastKnownFileType = wrapper.dsym; name = SDWebImage.framework.dSYM; path = Carthage/Build/Mac/SDWebImage.framework.dSYM; sourceTree = "<group>"; };
		F569772B1F2B569E00DCFD7B /* NSTableView.swift */ = {isa = PBXFileReference; fileEncoding = 4; lastKnownFileType = sourcecode.swift; path = NSTableView.swift; sourceTree = "<group>"; };
		F569772D1F2B681B00DCFD7B /* Author.swift */ = {isa = PBXFileReference; fileEncoding = 4; lastKnownFileType = sourcecode.swift; path = Author.swift; sourceTree = "<group>"; };
		F569772F1F2B69B800DCFD7B /* Author+Twitter.swift */ = {isa = PBXFileReference; fileEncoding = 4; lastKnownFileType = sourcecode.swift; path = "Author+Twitter.swift"; sourceTree = "<group>"; };
		F56977321F2B712E00DCFD7B /* Appliable.swift */ = {isa = PBXFileReference; fileEncoding = 4; lastKnownFileType = sourcecode.swift; path = Appliable.swift; sourceTree = "<group>"; };
		F5E3BC631F29E4D1007E5AD6 /* SwifterMac.framework */ = {isa = PBXFileReference; lastKnownFileType = wrapper.framework; name = SwifterMac.framework; path = Carthage/Build/Mac/SwifterMac.framework; sourceTree = "<group>"; };
		F5E3BC701F29E747007E5AD6 /* SwifterMac.framework.dSYM */ = {isa = PBXFileReference; lastKnownFileType = wrapper.dsym; name = SwifterMac.framework.dSYM; path = Carthage/Build/Mac/SwifterMac.framework.dSYM; sourceTree = "<group>"; };
		F5E3BC721F29ED3C007E5AD6 /* Bond.framework */ = {isa = PBXFileReference; lastKnownFileType = wrapper.framework; name = Bond.framework; path = Carthage/Build/Mac/Bond.framework; sourceTree = "<group>"; };
		F5E3BC731F29ED3C007E5AD6 /* Diff.framework */ = {isa = PBXFileReference; lastKnownFileType = wrapper.framework; name = Diff.framework; path = Carthage/Build/Mac/Diff.framework; sourceTree = "<group>"; };
		F5E3BC741F29ED3C007E5AD6 /* ReactiveKit.framework */ = {isa = PBXFileReference; lastKnownFileType = wrapper.framework; name = ReactiveKit.framework; path = Carthage/Build/Mac/ReactiveKit.framework; sourceTree = "<group>"; };
		F5E3BC7B1F29ED53007E5AD6 /* Bond.framework.dSYM */ = {isa = PBXFileReference; lastKnownFileType = wrapper.dsym; name = Bond.framework.dSYM; path = Carthage/Build/Mac/Bond.framework.dSYM; sourceTree = "<group>"; };
		F5E3BC7C1F29ED53007E5AD6 /* Diff.framework.dSYM */ = {isa = PBXFileReference; lastKnownFileType = wrapper.dsym; name = Diff.framework.dSYM; path = Carthage/Build/Mac/Diff.framework.dSYM; sourceTree = "<group>"; };
		F5E3BC7D1F29ED53007E5AD6 /* ReactiveKit.framework.dSYM */ = {isa = PBXFileReference; lastKnownFileType = wrapper.dsym; name = ReactiveKit.framework.dSYM; path = Carthage/Build/Mac/ReactiveKit.framework.dSYM; sourceTree = "<group>"; };
		F5E3BC841F29EE1B007E5AD6 /* Link.swift */ = {isa = PBXFileReference; fileEncoding = 4; lastKnownFileType = sourcecode.swift; path = Link.swift; sourceTree = "<group>"; };
		F5E3BC861F29EEDD007E5AD6 /* LinksService.swift */ = {isa = PBXFileReference; fileEncoding = 4; lastKnownFileType = sourcecode.swift; path = LinksService.swift; sourceTree = "<group>"; };
		F5E3BC8C1F29F362007E5AD6 /* Assets.xcassets */ = {isa = PBXFileReference; lastKnownFileType = folder.assetcatalog; path = Assets.xcassets; sourceTree = "<group>"; };
		F5E3BC8E1F29F362007E5AD6 /* AppDelegate.swift */ = {isa = PBXFileReference; fileEncoding = 4; lastKnownFileType = sourcecode.swift; path = AppDelegate.swift; sourceTree = "<group>"; };
		F5E3BC921F29F362007E5AD6 /* LinksListViewController.swift */ = {isa = PBXFileReference; fileEncoding = 4; lastKnownFileType = sourcecode.swift; path = LinksListViewController.swift; sourceTree = "<group>"; };
		F5E3BC9C1F29F54D007E5AD6 /* TwitterDataSource.swift */ = {isa = PBXFileReference; fileEncoding = 4; lastKnownFileType = sourcecode.swift; path = TwitterDataSource.swift; sourceTree = "<group>"; };
		F5E3BC9E1F29F562007E5AD6 /* Link+Twitter.swift */ = {isa = PBXFileReference; fileEncoding = 4; lastKnownFileType = sourcecode.swift; path = "Link+Twitter.swift"; sourceTree = "<group>"; };
/* End PBXFileReference section */

/* Begin PBXFrameworksBuildPhase section */
		F51601391F29CFE900555876 /* Frameworks */ = {
			isa = PBXFrameworksBuildPhase;
			buildActionMask = 2147483647;
			files = (
				F56977271F2B485900DCFD7B /* SDWebImage.framework in Frameworks */,
				F5E3BC791F29ED3C007E5AD6 /* ReactiveKit.framework in Frameworks */,
				F5E3BC691F29E6A5007E5AD6 /* SwifterMac.framework in Frameworks */,
				F5E3BC771F29ED3C007E5AD6 /* Diff.framework in Frameworks */,
				F5E3BC751F29ED3C007E5AD6 /* Bond.framework in Frameworks */,
			);
			runOnlyForDeploymentPostprocessing = 0;
		};
/* End PBXFrameworksBuildPhase section */

/* Begin PBXGroup section */
		F51601331F29CFE900555876 = {
			isa = PBXGroup;
			children = (
				F516013E1F29CFE900555876 /* SharedLinks */,
				F516013D1F29CFE900555876 /* Products */,
				F5E3BC621F29E4D1007E5AD6 /* Frameworks */,
			);
			sourceTree = "<group>";
		};
		F516013D1F29CFE900555876 /* Products */ = {
			isa = PBXGroup;
			children = (
				F516013C1F29CFE900555876 /* SharedLinks.app */,
			);
			name = Products;
			sourceTree = "<group>";
		};
		F516013E1F29CFE900555876 /* SharedLinks */ = {
			isa = PBXGroup;
			children = (
				F5E3BC8D1F29F362007E5AD6 /* SupportingFiles */,
				F56977311F2B711900DCFD7B /* Utils */,
				F5E3BC831F29EDE4007E5AD6 /* Entities */,
				F5E3BC821F29EDD0007E5AD6 /* Services */,
				F5E3BC981F29F4E6007E5AD6 /* DataSources */,
				F5E3BC8B1F29F362007E5AD6 /* Resources */,
				F5E3BC901F29F362007E5AD6 /* UI */,
			);
			path = SharedLinks;
			sourceTree = "<group>";
		};
		F56977231F2B376C00DCFD7B /* Extensions */ = {
			isa = PBXGroup;
			children = (
				F56977241F2B377B00DCFD7B /* NSAttributedString.swift */,
				F569772B1F2B569E00DCFD7B /* NSTableView.swift */,
			);
			path = Extensions;
			sourceTree = "<group>";
		};
		F56977311F2B711900DCFD7B /* Utils */ = {
			isa = PBXGroup;
			children = (
				F56977321F2B712E00DCFD7B /* Appliable.swift */,
			);
			path = Utils;
			sourceTree = "<group>";
		};
		F5E3BC621F29E4D1007E5AD6 /* Frameworks */ = {
			isa = PBXGroup;
			children = (
				F56977261F2B485900DCFD7B /* SDWebImage.framework */,
				F5E3BC721F29ED3C007E5AD6 /* Bond.framework */,
				F5E3BC731F29ED3C007E5AD6 /* Diff.framework */,
				F5E3BC741F29ED3C007E5AD6 /* ReactiveKit.framework */,
				F5E3BC631F29E4D1007E5AD6 /* SwifterMac.framework */,
				F56977291F2B486E00DCFD7B /* SDWebImage.framework.dSYM */,
				F5E3BC701F29E747007E5AD6 /* SwifterMac.framework.dSYM */,
				F5E3BC7B1F29ED53007E5AD6 /* Bond.framework.dSYM */,
				F5E3BC7C1F29ED53007E5AD6 /* Diff.framework.dSYM */,
				F5E3BC7D1F29ED53007E5AD6 /* ReactiveKit.framework.dSYM */,
			);
			name = Frameworks;
			sourceTree = "<group>";
		};
		F5E3BC821F29EDD0007E5AD6 /* Services */ = {
			isa = PBXGroup;
			children = (
				F5E3BC861F29EEDD007E5AD6 /* LinksService.swift */,
			);
			path = Services;
			sourceTree = "<group>";
		};
		F5E3BC831F29EDE4007E5AD6 /* Entities */ = {
			isa = PBXGroup;
			children = (
				F5E3BC841F29EE1B007E5AD6 /* Link.swift */,
				F569772D1F2B681B00DCFD7B /* Author.swift */,
			);
			path = Entities;
			sourceTree = "<group>";
		};
		F5E3BC8B1F29F362007E5AD6 /* Resources */ = {
			isa = PBXGroup;
			children = (
				F5E3BC8C1F29F362007E5AD6 /* Assets.xcassets */,
			);
			path = Resources;
			sourceTree = "<group>";
		};
		F5E3BC8D1F29F362007E5AD6 /* SupportingFiles */ = {
			isa = PBXGroup;
			children = (
				F5E3BC8E1F29F362007E5AD6 /* AppDelegate.swift */,
				F51307341F2C994300FB082A /* main.swift */,
			);
			path = SupportingFiles;
			sourceTree = "<group>";
		};
		F5E3BC901F29F362007E5AD6 /* UI */ = {
			isa = PBXGroup;
			children = (
				F56977231F2B376C00DCFD7B /* Extensions */,
				F5E3BC921F29F362007E5AD6 /* LinksListViewController.swift */,
				F569771D1F2B2C3B00DCFD7B /* LinkTableCellView.swift */,
				F56977211F2B2FC700DCFD7B /* LinkTableCellView.xib */,
				F51307301F2C770800FB082A /* LinksTableView.swift */,
			);
			path = UI;
			sourceTree = "<group>";
		};
		F5E3BC981F29F4E6007E5AD6 /* DataSources */ = {
			isa = PBXGroup;
			children = (
				F5E3BC9B1F29F52E007E5AD6 /* Twitter */,
			);
			path = DataSources;
			sourceTree = "<group>";
		};
		F5E3BC9B1F29F52E007E5AD6 /* Twitter */ = {
			isa = PBXGroup;
			children = (
				F5E3BC9C1F29F54D007E5AD6 /* TwitterDataSource.swift */,
				F5E3BC9E1F29F562007E5AD6 /* Link+Twitter.swift */,
				F569772F1F2B69B800DCFD7B /* Author+Twitter.swift */,
				F52955D81F29FD6E00CFAF30 /* Swifter+ReactiveKit.swift */,
			);
			path = Twitter;
			sourceTree = "<group>";
		};
/* End PBXGroup section */

/* Begin PBXNativeTarget section */
		F516013B1F29CFE900555876 /* SharedLinks */ = {
			isa = PBXNativeTarget;
			buildConfigurationList = F516014B1F29CFE900555876 /* Build configuration list for PBXNativeTarget "SharedLinks" */;
			buildPhases = (
				F51601381F29CFE900555876 /* Sources */,
				F51601391F29CFE900555876 /* Frameworks */,
				F516013A1F29CFE900555876 /* Resources */,
				F5E3BC681F29E686007E5AD6 /* Embed Frameworks */,
				F5E3BC6B1F29E6CA007E5AD6 /* CopyFiles */,
			);
			buildRules = (
			);
			dependencies = (
			);
			name = SharedLinks;
			productName = SharedLinks;
			productReference = F516013C1F29CFE900555876 /* SharedLinks.app */;
			productType = "com.apple.product-type.application";
		};
/* End PBXNativeTarget section */

/* Begin PBXProject section */
		F51601341F29CFE900555876 /* Project object */ = {
			isa = PBXProject;
			attributes = {
				LastSwiftUpdateCheck = 0830;
				LastUpgradeCheck = 0830;
				ORGANIZATIONNAME = "Ian Kazlauskas";
				TargetAttributes = {
					F516013B1F29CFE900555876 = {
						CreatedOnToolsVersion = 8.3.3;
						ProvisioningStyle = Automatic;
					};
				};
			};
			buildConfigurationList = F51601371F29CFE900555876 /* Build configuration list for PBXProject "SharedLinks" */;
			compatibilityVersion = "Xcode 3.2";
			developmentRegion = English;
			hasScannedForEncodings = 0;
			knownRegions = (
				en,
				Base,
			);
			mainGroup = F51601331F29CFE900555876;
			productRefGroup = F516013D1F29CFE900555876 /* Products */;
			projectDirPath = "";
			projectRoot = "";
			targets = (
				F516013B1F29CFE900555876 /* SharedLinks */,
			);
		};
/* End PBXProject section */

/* Begin PBXResourcesBuildPhase section */
		F516013A1F29CFE900555876 /* Resources */ = {
			isa = PBXResourcesBuildPhase;
			buildActionMask = 2147483647;
			files = (
				F56977221F2B2FC700DCFD7B /* LinkTableCellView.xib in Resources */,
				F5E3BC931F29F362007E5AD6 /* Assets.xcassets in Resources */,
			);
			runOnlyForDeploymentPostprocessing = 0;
		};
/* End PBXResourcesBuildPhase section */

/* Begin PBXSourcesBuildPhase section */
		F51601381F29CFE900555876 /* Sources */ = {
			isa = PBXSourcesBuildPhase;
			buildActionMask = 2147483647;
			files = (
				F5E3BC941F29F362007E5AD6 /* AppDelegate.swift in Sources */,
				F5E3BC9F1F29F562007E5AD6 /* Link+Twitter.swift in Sources */,
				F52955D91F29FD6E00CFAF30 /* Swifter+ReactiveKit.swift in Sources */,
				F569771E1F2B2C3B00DCFD7B /* LinkTableCellView.swift in Sources */,
				F569772C1F2B569E00DCFD7B /* NSTableView.swift in Sources */,
				F56977331F2B712E00DCFD7B /* Appliable.swift in Sources */,
				F56977251F2B377B00DCFD7B /* NSAttributedString.swift in Sources */,
				F51307311F2C770800FB082A /* LinksTableView.swift in Sources */,
				F5E3BC851F29EE1B007E5AD6 /* Link.swift in Sources */,
				F569772E1F2B681B00DCFD7B /* Author.swift in Sources */,
				F56977301F2B69B800DCFD7B /* Author+Twitter.swift in Sources */,
				F51307351F2C994300FB082A /* main.swift in Sources */,
				F5E3BC9D1F29F54D007E5AD6 /* TwitterDataSource.swift in Sources */,
				F5E3BC971F29F362007E5AD6 /* LinksListViewController.swift in Sources */,
				F5E3BC871F29EEDD007E5AD6 /* LinksService.swift in Sources */,
			);
			runOnlyForDeploymentPostprocessing = 0;
		};
/* End PBXSourcesBuildPhase section */

/* Begin XCBuildConfiguration section */
		F51601491F29CFE900555876 /* Debug */ = {
			isa = XCBuildConfiguration;
			buildSettings = {
				ALWAYS_SEARCH_USER_PATHS = NO;
				CLANG_ANALYZER_NONNULL = YES;
				CLANG_ANALYZER_NUMBER_OBJECT_CONVERSION = YES_AGGRESSIVE;
				CLANG_CXX_LANGUAGE_STANDARD = "gnu++0x";
				CLANG_CXX_LIBRARY = "libc++";
				CLANG_ENABLE_MODULES = YES;
				CLANG_ENABLE_OBJC_ARC = YES;
				CLANG_WARN_BOOL_CONVERSION = YES;
				CLANG_WARN_CONSTANT_CONVERSION = YES;
				CLANG_WARN_DIRECT_OBJC_ISA_USAGE = YES_ERROR;
				CLANG_WARN_DOCUMENTATION_COMMENTS = YES;
				CLANG_WARN_EMPTY_BODY = YES;
				CLANG_WARN_ENUM_CONVERSION = YES;
				CLANG_WARN_INFINITE_RECURSION = YES;
				CLANG_WARN_INT_CONVERSION = YES;
				CLANG_WARN_OBJC_ROOT_CLASS = YES_ERROR;
				CLANG_WARN_SUSPICIOUS_MOVE = YES;
				CLANG_WARN_UNREACHABLE_CODE = YES;
				CLANG_WARN__DUPLICATE_METHOD_MATCH = YES;
				CODE_SIGN_IDENTITY = "-";
				COPY_PHASE_STRIP = NO;
				DEBUG_INFORMATION_FORMAT = dwarf;
				ENABLE_STRICT_OBJC_MSGSEND = YES;
				ENABLE_TESTABILITY = YES;
				GCC_C_LANGUAGE_STANDARD = gnu99;
				GCC_DYNAMIC_NO_PIC = NO;
				GCC_NO_COMMON_BLOCKS = YES;
				GCC_OPTIMIZATION_LEVEL = 0;
				GCC_PREPROCESSOR_DEFINITIONS = (
					"DEBUG=1",
					"$(inherited)",
				);
				GCC_WARN_64_TO_32_BIT_CONVERSION = YES;
				GCC_WARN_ABOUT_RETURN_TYPE = YES_ERROR;
				GCC_WARN_UNDECLARED_SELECTOR = YES;
				GCC_WARN_UNINITIALIZED_AUTOS = YES_AGGRESSIVE;
				GCC_WARN_UNUSED_FUNCTION = YES;
				GCC_WARN_UNUSED_VARIABLE = YES;
				MACOSX_DEPLOYMENT_TARGET = 10.12;
				MTL_ENABLE_DEBUG_INFO = YES;
				ONLY_ACTIVE_ARCH = YES;
				SDKROOT = macosx;
				SWIFT_ACTIVE_COMPILATION_CONDITIONS = DEBUG;
				SWIFT_OPTIMIZATION_LEVEL = "-Onone";
			};
			name = Debug;
		};
		F516014A1F29CFE900555876 /* Release */ = {
			isa = XCBuildConfiguration;
			buildSettings = {
				ALWAYS_SEARCH_USER_PATHS = NO;
				CLANG_ANALYZER_NONNULL = YES;
				CLANG_ANALYZER_NUMBER_OBJECT_CONVERSION = YES_AGGRESSIVE;
				CLANG_CXX_LANGUAGE_STANDARD = "gnu++0x";
				CLANG_CXX_LIBRARY = "libc++";
				CLANG_ENABLE_MODULES = YES;
				CLANG_ENABLE_OBJC_ARC = YES;
				CLANG_WARN_BOOL_CONVERSION = YES;
				CLANG_WARN_CONSTANT_CONVERSION = YES;
				CLANG_WARN_DIRECT_OBJC_ISA_USAGE = YES_ERROR;
				CLANG_WARN_DOCUMENTATION_COMMENTS = YES;
				CLANG_WARN_EMPTY_BODY = YES;
				CLANG_WARN_ENUM_CONVERSION = YES;
				CLANG_WARN_INFINITE_RECURSION = YES;
				CLANG_WARN_INT_CONVERSION = YES;
				CLANG_WARN_OBJC_ROOT_CLASS = YES_ERROR;
				CLANG_WARN_SUSPICIOUS_MOVE = YES;
				CLANG_WARN_UNREACHABLE_CODE = YES;
				CLANG_WARN__DUPLICATE_METHOD_MATCH = YES;
				CODE_SIGN_IDENTITY = "-";
				COPY_PHASE_STRIP = NO;
				DEBUG_INFORMATION_FORMAT = "dwarf-with-dsym";
				ENABLE_NS_ASSERTIONS = NO;
				ENABLE_STRICT_OBJC_MSGSEND = YES;
				GCC_C_LANGUAGE_STANDARD = gnu99;
				GCC_NO_COMMON_BLOCKS = YES;
				GCC_WARN_64_TO_32_BIT_CONVERSION = YES;
				GCC_WARN_ABOUT_RETURN_TYPE = YES_ERROR;
				GCC_WARN_UNDECLARED_SELECTOR = YES;
				GCC_WARN_UNINITIALIZED_AUTOS = YES_AGGRESSIVE;
				GCC_WARN_UNUSED_FUNCTION = YES;
				GCC_WARN_UNUSED_VARIABLE = YES;
				MACOSX_DEPLOYMENT_TARGET = 10.12;
				MTL_ENABLE_DEBUG_INFO = NO;
				SDKROOT = macosx;
				SWIFT_OPTIMIZATION_LEVEL = "-Owholemodule";
			};
			name = Release;
		};
		F516014C1F29CFE900555876 /* Debug */ = {
			isa = XCBuildConfiguration;
			buildSettings = {
				ASSETCATALOG_COMPILER_APPICON_NAME = AppIcon;
				COMBINE_HIDPI_IMAGES = YES;
				FRAMEWORK_SEARCH_PATHS = (
					"$(inherited)",
					"$(PROJECT_DIR)/Carthage/Build/Mac",
				);
				INFOPLIST_FILE = SharedLinks/SupportingFiles/Info.plist;
				LD_RUNPATH_SEARCH_PATHS = "$(inherited) @executable_path/../Frameworks";
				PRODUCT_BUNDLE_IDENTIFIER = com.nayzak.SharedLinks;
				PRODUCT_NAME = "$(TARGET_NAME)";
				SWIFT_VERSION = 3.0;
			};
			name = Debug;
		};
		F516014D1F29CFE900555876 /* Release */ = {
			isa = XCBuildConfiguration;
			buildSettings = {
				ASSETCATALOG_COMPILER_APPICON_NAME = AppIcon;
				COMBINE_HIDPI_IMAGES = YES;
				FRAMEWORK_SEARCH_PATHS = (
					"$(inherited)",
					"$(PROJECT_DIR)/Carthage/Build/Mac",
				);
				INFOPLIST_FILE = SharedLinks/SupportingFiles/Info.plist;
				LD_RUNPATH_SEARCH_PATHS = "$(inherited) @executable_path/../Frameworks";
				PRODUCT_BUNDLE_IDENTIFIER = com.nayzak.SharedLinks;
				PRODUCT_NAME = "$(TARGET_NAME)";
				SWIFT_VERSION = 3.0;
			};
			name = Release;
		};
/* End XCBuildConfiguration section */

/* Begin XCConfigurationList section */
		F51601371F29CFE900555876 /* Build configuration list for PBXProject "SharedLinks" */ = {
			isa = XCConfigurationList;
			buildConfigurations = (
				F51601491F29CFE900555876 /* Debug */,
				F516014A1F29CFE900555876 /* Release */,
			);
			defaultConfigurationIsVisible = 0;
			defaultConfigurationName = Release;
		};
		F516014B1F29CFE900555876 /* Build configuration list for PBXNativeTarget "SharedLinks" */ = {
			isa = XCConfigurationList;
			buildConfigurations = (
				F516014C1F29CFE900555876 /* Debug */,
				F516014D1F29CFE900555876 /* Release */,
			);
			defaultConfigurationIsVisible = 0;
			defaultConfigurationName = Release;
		};
/* End XCConfigurationList section */
	};
	rootObject = F51601341F29CFE900555876 /* Project object */;
}
